
Microsoft Visual Studio Solution File, Format Version 12.00
# Visual Studio Version 17
VisualStudioVersion = 17.7.34221.43
MinimumVisualStudioVersion = 10.0.40219.1
Project("{9A19103F-16F7-4668-BE54-9A1E7A4F7556}") = "BasicC#", "BasicC#.csproj", "{A46760E4-FED1-467F-882C-7D03663BFDF6}"
EndProject
Global
	GlobalSection(SolutionConfigurationPlatforms) = preSolution
		Debug|Any CPU = Debug|Any CPU
		Release|Any CPU = Release|Any CPU
	EndGlobalSection
	GlobalSection(ProjectConfigurationPlatforms) = postSolution
		{A46760E4-FED1-467F-882C-7D03663BFDF6}.Debug|Any CPU.ActiveCfg = Debug|Any CPU
		{A46760E4-FED1-467F-882C-7D03663BFDF6}.Debug|Any CPU.Build.0 = Debug|Any CPU
		{A46760E4-FED1-467F-882C-7D03663BFDF6}.Release|Any CPU.ActiveCfg = Release|Any CPU
		{A46760E4-FED1-467F-882C-7D03663BFDF6}.Release|Any CPU.Build.0 = Release|Any CPU
	EndGlobalSection
	GlobalSection(SolutionProperties) = preSolution
		HideSolutionNode = FALSE
	EndGlobalSection
	GlobalSection(ExtensibilityGlobals) = postSolution
		SolutionGuid = {54027A7A-1858-4C82-8104-A54ACA10AA99}
	EndGlobalSection
EndGlobal
